
Microsoft Visual Studio Solution File, Format Version 12.00
# Visual Studio 15
VisualStudioVersion = 15.0.27703.2035
MinimumVisualStudioVersion = 10.0.40219.1
Project("{FAE04EC0-301F-11D3-BF4B-00C04F79EFBC}") = "DealOrNoDeal", "DealOrNoDeal\DealOrNoDeal.csproj", "{55611334-99B8-46D2-A1F1-F4DD0F37D8CC}"
EndProject
Global
	GlobalSection(SolutionConfigurationPlatforms) = preSolution
		Debug|ARM = Debug|ARM
		Debug|x64 = Debug|x64
		Debug|x86 = Debug|x86
		Release|ARM = Release|ARM
		Release|x64 = Release|x64
		Release|x86 = Release|x86
	EndGlobalSection
	GlobalSection(ProjectConfigurationPlatforms) = postSolution
		{55611334-99B8-46D2-A1F1-F4DD0F37D8CC}.Debug|ARM.ActiveCfg = Debug|ARM
		{55611334-99B8-46D2-A1F1-F4DD0F37D8CC}.Debug|ARM.Build.0 = Debug|ARM
		{55611334-99B8-46D2-A1F1-F4DD0F37D8CC}.Debug|ARM.Deploy.0 = Debug|ARM
		{55611334-99B8-46D2-A1F1-F4DD0F37D8CC}.Debug|x64.ActiveCfg = Debug|x64
		{55611334-99B8-46D2-A1F1-F4DD0F37D8CC}.Debug|x64.Build.0 = Debug|x64
		{55611334-99B8-46D2-A1F1-F4DD0F37D8CC}.Debug|x64.Deploy.0 = Debug|x64
		{55611334-99B8-46D2-A1F1-F4DD0F37D8CC}.Debug|x86.ActiveCfg = Debug|x86
		{55611334-99B8-46D2-A1F1-F4DD0F37D8CC}.Debug|x86.Build.0 = Debug|x86
		{55611334-99B8-46D2-A1F1-F4DD0F37D8CC}.Debug|x86.Deploy.0 = Debug|x86
		{55611334-99B8-46D2-A1F1-F4DD0F37D8CC}.Release|ARM.ActiveCfg = Release|ARM
		{55611334-99B8-46D2-A1F1-F4DD0F37D8CC}.Release|ARM.Build.0 = Release|ARM
		{55611334-99B8-46D2-A1F1-F4DD0F37D8CC}.Release|ARM.Deploy.0 = Release|ARM
		{55611334-99B8-46D2-A1F1-F4DD0F37D8CC}.Release|x64.ActiveCfg = Release|x64
		{55611334-99B8-46D2-A1F1-F4DD0F37D8CC}.Release|x64.Build.0 = Release|x64
		{55611334-99B8-46D2-A1F1-F4DD0F37D8CC}.Release|x64.Deploy.0 = Release|x64
		{55611334-99B8-46D2-A1F1-F4DD0F37D8CC}.Release|x86.ActiveCfg = Release|x86
		{55611334-99B8-46D2-A1F1-F4DD0F37D8CC}.Release|x86.Build.0 = Release|x86
		{55611334-99B8-46D2-A1F1-F4DD0F37D8CC}.Release|x86.Deploy.0 = Release|x86
	EndGlobalSection
	GlobalSection(SolutionProperties) = preSolution
		HideSolutionNode = FALSE
	EndGlobalSection
	GlobalSection(ExtensibilityGlobals) = postSolution
		SolutionGuid = {93582724-EF33-4637-A129-C594BD931413}
	EndGlobalSection
EndGlobal
